
Microsoft Visual Studio Solution File, Format Version 12.00
# Visual Studio Version 16
VisualStudioVersion = 16.0.29215.179
MinimumVisualStudioVersion = 10.0.40219.1
Project("{FAE04EC0-301F-11D3-BF4B-00C04F79EFBC}") = "CrashClasswork", "CrashClasswork\CrashClasswork.csproj", "{C0659139-781E-412D-95C4-F19BFE858D66}"
EndProject
Global
	GlobalSection(SolutionConfigurationPlatforms) = preSolution
		Debug|Any CPU = Debug|Any CPU
		Release|Any CPU = Release|Any CPU
	EndGlobalSection
	GlobalSection(ProjectConfigurationPlatforms) = postSolution
		{C0659139-781E-412D-95C4-F19BFE858D66}.Debug|Any CPU.ActiveCfg = Debug|Any CPU
		{C0659139-781E-412D-95C4-F19BFE858D66}.Debug|Any CPU.Build.0 = Debug|Any CPU
		{C0659139-781E-412D-95C4-F19BFE858D66}.Release|Any CPU.ActiveCfg = Release|Any CPU
		{C0659139-781E-412D-95C4-F19BFE858D66}.Release|Any CPU.Build.0 = Release|Any CPU
	EndGlobalSection
	GlobalSection(SolutionProperties) = preSolution
		HideSolutionNode = FALSE
	EndGlobalSection
	GlobalSection(ExtensibilityGlobals) = postSolution
		SolutionGuid = {519F2A14-153D-49D6-AB8F-9A9AD89BFE37}
	EndGlobalSection
EndGlobal
